
Microsoft Visual Studio Solution File, Format Version 12.00
Project("{FAE04EC0-301F-11D3-BF4B-00C04F79EFBC}") = "ShadowSXLauncher", "ShadowSXLauncher.csproj", "{28AB6F6D-E1DC-4D28-B736-D9FC31144B3A}"
EndProject
Global
	GlobalSection(SolutionConfigurationPlatforms) = preSolution
		Debug|Any CPU = Debug|Any CPU
		Release|Any CPU = Release|Any CPU
	EndGlobalSection
	GlobalSection(ProjectConfigurationPlatforms) = postSolution
		{28AB6F6D-E1DC-4D28-B736-D9FC31144B3A}.Debug|Any CPU.ActiveCfg = Debug|Any CPU
		{28AB6F6D-E1DC-4D28-B736-D9FC31144B3A}.Debug|Any CPU.Build.0 = Debug|Any CPU
		{28AB6F6D-E1DC-4D28-B736-D9FC31144B3A}.Release|Any CPU.ActiveCfg = Release|Any CPU
		{28AB6F6D-E1DC-4D28-B736-D9FC31144B3A}.Release|Any CPU.Build.0 = Release|Any CPU
	EndGlobalSection
EndGlobal
